
Microsoft Visual Studio Solution File, Format Version 12.00
Project("{FAE04EC0-301F-11D3-BF4B-00C04F79EFBC}") = "ConsoleApp3", "ConsoleApp3\ConsoleApp3.csproj", "{A23AA58B-340C-49F5-A47E-AF0C1D4E2A9A}"
EndProject
Global
	GlobalSection(SolutionConfigurationPlatforms) = preSolution
		Debug|Any CPU = Debug|Any CPU
		Release|Any CPU = Release|Any CPU
	EndGlobalSection
	GlobalSection(ProjectConfigurationPlatforms) = postSolution
		{A23AA58B-340C-49F5-A47E-AF0C1D4E2A9A}.Debug|Any CPU.ActiveCfg = Debug|Any CPU
		{A23AA58B-340C-49F5-A47E-AF0C1D4E2A9A}.Debug|Any CPU.Build.0 = Debug|Any CPU
		{A23AA58B-340C-49F5-A47E-AF0C1D4E2A9A}.Release|Any CPU.ActiveCfg = Release|Any CPU
		{A23AA58B-340C-49F5-A47E-AF0C1D4E2A9A}.Release|Any CPU.Build.0 = Release|Any CPU
	EndGlobalSection
EndGlobal
